
Microsoft Visual Studio Solution File, Format Version 12.00
# Visual Studio Version 16
VisualStudioVersion = 25.0.1703.5
MinimumVisualStudioVersion = 10.0.40219.1
Project("{FAE04EC0-301F-11D3-BF4B-00C04F79EFBC}") = "2.39", "2.39\2.39.csproj", "{BD0695CF-FCA7-4C4F-861C-E5ECD1B4B183}"
EndProject
Global
	GlobalSection(SolutionConfigurationPlatforms) = preSolution
		Debug|Any CPU = Debug|Any CPU
		Release|Any CPU = Release|Any CPU
	EndGlobalSection
	GlobalSection(ProjectConfigurationPlatforms) = postSolution
		{BD0695CF-FCA7-4C4F-861C-E5ECD1B4B183}.Debug|Any CPU.ActiveCfg = Debug|Any CPU
		{BD0695CF-FCA7-4C4F-861C-E5ECD1B4B183}.Debug|Any CPU.Build.0 = Debug|Any CPU
		{BD0695CF-FCA7-4C4F-861C-E5ECD1B4B183}.Release|Any CPU.ActiveCfg = Release|Any CPU
		{BD0695CF-FCA7-4C4F-861C-E5ECD1B4B183}.Release|Any CPU.Build.0 = Release|Any CPU
	EndGlobalSection
	GlobalSection(SolutionProperties) = preSolution
		HideSolutionNode = FALSE
	EndGlobalSection
	GlobalSection(ExtensibilityGlobals) = postSolution
		SolutionGuid = {8A5189C1-D9EB-46BE-B092-F4D61AC8001B}
	EndGlobalSection
EndGlobal
